// !$*UTF8*$!
{
	archiveVersion = 1;
	classes = {
	};
	objectVersion = 56;
	objects = {

/* Begin PBXBuildFile section */
		2100568A2BFB993B005D9232 /* AppDelegate.swift in Sources */ = {isa = PBXBuildFile; fileRef = 210056892BFB993B005D9232 /* AppDelegate.swift */; };
		2100568C2BFB993B005D9232 /* SceneDelegate.swift in Sources */ = {isa = PBXBuildFile; fileRef = 2100568B2BFB993B005D9232 /* SceneDelegate.swift */; };
		2100568E2BFB993B005D9232 /* HomePageViewController.swift in Sources */ = {isa = PBXBuildFile; fileRef = 2100568D2BFB993B005D9232 /* HomePageViewController.swift */; };
		210056912BFB993B005D9232 /* Base in Resources */ = {isa = PBXBuildFile; fileRef = 210056902BFB993B005D9232 /* Base */; };
		210056942BFB993B005D9232 /* HW3_GameApp.xcdatamodeld in Sources */ = {isa = PBXBuildFile; fileRef = 210056922BFB993B005D9232 /* HW3_GameApp.xcdatamodeld */; };
		210056962BFB993C005D9232 /* Assets.xcassets in Resources */ = {isa = PBXBuildFile; fileRef = 210056952BFB993C005D9232 /* Assets.xcassets */; };
		210056992BFB993C005D9232 /* Base in Resources */ = {isa = PBXBuildFile; fileRef = 210056982BFB993C005D9232 /* Base */; };
		219A63552C032B8F003A7E20 /* Games.swift in Sources */ = {isa = PBXBuildFile; fileRef = 219A63542C032B8F003A7E20 /* Games.swift */; };
		219A63582C0376C1003A7E20 /* Kingfisher in Frameworks */ = {isa = PBXBuildFile; productRef = 219A63572C0376C1003A7E20 /* Kingfisher */; };
		21F5DD3B2C01F9FF00FCF4F8 /* DetailPageViewController.swift in Sources */ = {isa = PBXBuildFile; fileRef = 21F5DD3A2C01F9FF00FCF4F8 /* DetailPageViewController.swift */; };
		21F5DD3D2C01FAE500FCF4F8 /* FavouritePageViewController.swift in Sources */ = {isa = PBXBuildFile; fileRef = 21F5DD3C2C01FAE500FCF4F8 /* FavouritePageViewController.swift */; };
		21F5DD432C0204C500FCF4F8 /* SliderCollectionViewCell.swift in Sources */ = {isa = PBXBuildFile; fileRef = 21F5DD422C0204C500FCF4F8 /* SliderCollectionViewCell.swift */; };
		21F5DD4E2C022B5D00FCF4F8 /* GameListNetworkManager.swift in Sources */ = {isa = PBXBuildFile; fileRef = 21F5DD4D2C022B5D00FCF4F8 /* GameListNetworkManager.swift */; };
/* End PBXBuildFile section */

/* Begin PBXFileReference section */
		210056862BFB993B005D9232 /* HW3_GameApp.app */ = {isa = PBXFileReference; explicitFileType = wrapper.application; includeInIndex = 0; path = HW3_GameApp.app; sourceTree = BUILT_PRODUCTS_DIR; };
		210056892BFB993B005D9232 /* AppDelegate.swift */ = {isa = PBXFileReference; lastKnownFileType = sourcecode.swift; path = AppDelegate.swift; sourceTree = "<group>"; };
		2100568B2BFB993B005D9232 /* SceneDelegate.swift */ = {isa = PBXFileReference; lastKnownFileType = sourcecode.swift; path = SceneDelegate.swift; sourceTree = "<group>"; };
		2100568D2BFB993B005D9232 /* HomePageViewController.swift */ = {isa = PBXFileReference; lastKnownFileType = sourcecode.swift; path = HomePageViewController.swift; sourceTree = "<group>"; };
		210056902BFB993B005D9232 /* Base */ = {isa = PBXFileReference; lastKnownFileType = file.storyboard; name = Base; path = Base.lproj/Main.storyboard; sourceTree = "<group>"; };
		210056932BFB993B005D9232 /* HW3_GameApp.xcdatamodel */ = {isa = PBXFileReference; lastKnownFileType = wrapper.xcdatamodel; path = HW3_GameApp.xcdatamodel; sourceTree = "<group>"; };
		210056952BFB993C005D9232 /* Assets.xcassets */ = {isa = PBXFileReference; lastKnownFileType = folder.assetcatalog; path = Assets.xcassets; sourceTree = "<group>"; };
		210056982BFB993C005D9232 /* Base */ = {isa = PBXFileReference; lastKnownFileType = file.storyboard; name = Base; path = Base.lproj/LaunchScreen.storyboard; sourceTree = "<group>"; };
		2100569A2BFB993C005D9232 /* Info.plist */ = {isa = PBXFileReference; lastKnownFileType = text.plist.xml; path = Info.plist; sourceTree = "<group>"; };
		219A63542C032B8F003A7E20 /* Games.swift */ = {isa = PBXFileReference; lastKnownFileType = sourcecode.swift; path = Games.swift; sourceTree = "<group>"; };
		21F5DD3A2C01F9FF00FCF4F8 /* DetailPageViewController.swift */ = {isa = PBXFileReference; lastKnownFileType = sourcecode.swift; path = DetailPageViewController.swift; sourceTree = "<group>"; };
		21F5DD3C2C01FAE500FCF4F8 /* FavouritePageViewController.swift */ = {isa = PBXFileReference; lastKnownFileType = sourcecode.swift; path = FavouritePageViewController.swift; sourceTree = "<group>"; };
		21F5DD422C0204C500FCF4F8 /* SliderCollectionViewCell.swift */ = {isa = PBXFileReference; lastKnownFileType = sourcecode.swift; path = SliderCollectionViewCell.swift; sourceTree = "<group>"; };
		21F5DD4D2C022B5D00FCF4F8 /* GameListNetworkManager.swift */ = {isa = PBXFileReference; lastKnownFileType = sourcecode.swift; path = GameListNetworkManager.swift; sourceTree = "<group>"; };
/* End PBXFileReference section */

/* Begin PBXFrameworksBuildPhase section */
		210056832BFB993B005D9232 /* Frameworks */ = {
			isa = PBXFrameworksBuildPhase;
			buildActionMask = 2147483647;
			files = (
				219A63582C0376C1003A7E20 /* Kingfisher in Frameworks */,
			);
			runOnlyForDeploymentPostprocessing = 0;
		};
/* End PBXFrameworksBuildPhase section */

/* Begin PBXGroup section */
		2100567D2BFB993B005D9232 = {
			isa = PBXGroup;
			children = (
				210056882BFB993B005D9232 /* HW3_GameApp */,
				210056872BFB993B005D9232 /* Products */,
			);
			sourceTree = "<group>";
		};
		210056872BFB993B005D9232 /* Products */ = {
			isa = PBXGroup;
			children = (
				210056862BFB993B005D9232 /* HW3_GameApp.app */,
			);
			name = Products;
			sourceTree = "<group>";
		};
		210056882BFB993B005D9232 /* HW3_GameApp */ = {
			isa = PBXGroup;
			children = (
				21F5DD402C0203C800FCF4F8 /* Cell */,
				21F5DD392C01F59000FCF4F8 /* Model */,
				21F5DD362C01F55600FCF4F8 /* Screens */,
				21F5DD372C01F57700FCF4F8 /* ViewModel */,
				21F5DD382C01F58400FCF4F8 /* Network */,
				210056892BFB993B005D9232 /* AppDelegate.swift */,
				2100568B2BFB993B005D9232 /* SceneDelegate.swift */,
				2100568F2BFB993B005D9232 /* Main.storyboard */,
				210056952BFB993C005D9232 /* Assets.xcassets */,
				210056972BFB993C005D9232 /* LaunchScreen.storyboard */,
				2100569A2BFB993C005D9232 /* Info.plist */,
				210056922BFB993B005D9232 /* HW3_GameApp.xcdatamodeld */,
			);
			path = HW3_GameApp;
			sourceTree = "<group>";
		};
		21F5DD362C01F55600FCF4F8 /* Screens */ = {
			isa = PBXGroup;
			children = (
				2100568D2BFB993B005D9232 /* HomePageViewController.swift */,
				21F5DD3A2C01F9FF00FCF4F8 /* DetailPageViewController.swift */,
				21F5DD3C2C01FAE500FCF4F8 /* FavouritePageViewController.swift */,
			);
			path = Screens;
			sourceTree = "<group>";
		};
		21F5DD372C01F57700FCF4F8 /* ViewModel */ = {
			isa = PBXGroup;
			children = (
			);
			path = ViewModel;
			sourceTree = "<group>";
		};
		21F5DD382C01F58400FCF4F8 /* Network */ = {
			isa = PBXGroup;
			children = (
				21F5DD4D2C022B5D00FCF4F8 /* GameListNetworkManager.swift */,
			);
			path = Network;
			sourceTree = "<group>";
		};
		21F5DD392C01F59000FCF4F8 /* Model */ = {
			isa = PBXGroup;
			children = (
				219A63542C032B8F003A7E20 /* Games.swift */,
			);
			path = Model;
			sourceTree = "<group>";
		};
		21F5DD402C0203C800FCF4F8 /* Cell */ = {
			isa = PBXGroup;
			children = (
				21F5DD442C0204CE00FCF4F8 /* SliderCell */,
				21F5DD412C02040C00FCF4F8 /* GameListCell */,
			);
			path = Cell;
			sourceTree = "<group>";
		};
		21F5DD412C02040C00FCF4F8 /* GameListCell */ = {
			isa = PBXGroup;
			children = (
			);
			path = GameListCell;
			sourceTree = "<group>";
		};
		21F5DD442C0204CE00FCF4F8 /* SliderCell */ = {
			isa = PBXGroup;
			children = (
				21F5DD422C0204C500FCF4F8 /* SliderCollectionViewCell.swift */,
			);
			path = SliderCell;
			sourceTree = "<group>";
		};
/* End PBXGroup section */

/* Begin PBXNativeTarget section */
		210056852BFB993B005D9232 /* HW3_GameApp */ = {
			isa = PBXNativeTarget;
			buildConfigurationList = 2100569D2BFB993C005D9232 /* Build configuration list for PBXNativeTarget "HW3_GameApp" */;
			buildPhases = (
				210056822BFB993B005D9232 /* Sources */,
				210056832BFB993B005D9232 /* Frameworks */,
				210056842BFB993B005D9232 /* Resources */,
			);
			buildRules = (
			);
			dependencies = (
			);
			name = HW3_GameApp;
			packageProductDependencies = (
				219A63572C0376C1003A7E20 /* Kingfisher */,
			);
			productName = HW3_GameApp;
			productReference = 210056862BFB993B005D9232 /* HW3_GameApp.app */;
			productType = "com.apple.product-type.application";
		};
/* End PBXNativeTarget section */

/* Begin PBXProject section */
		2100567E2BFB993B005D9232 /* Project object */ = {
			isa = PBXProject;
			attributes = {
				BuildIndependentTargetsInParallel = 1;
				LastSwiftUpdateCheck = 1530;
				LastUpgradeCheck = 1530;
				TargetAttributes = {
					210056852BFB993B005D9232 = {
						CreatedOnToolsVersion = 15.3;
					};
				};
			};
			buildConfigurationList = 210056812BFB993B005D9232 /* Build configuration list for PBXProject "HW3_GameApp" */;
			compatibilityVersion = "Xcode 14.0";
			developmentRegion = en;
			hasScannedForEncodings = 0;
			knownRegions = (
				en,
				Base,
			);
			mainGroup = 2100567D2BFB993B005D9232;
			packageReferences = (
				219A63562C0376C1003A7E20 /* XCRemoteSwiftPackageReference "Kingfisher" */,
			);
			productRefGroup = 210056872BFB993B005D9232 /* Products */;
			projectDirPath = "";
			projectRoot = "";
			targets = (
				210056852BFB993B005D9232 /* HW3_GameApp */,
			);
		};
/* End PBXProject section */

/* Begin PBXResourcesBuildPhase section */
		210056842BFB993B005D9232 /* Resources */ = {
			isa = PBXResourcesBuildPhase;
			buildActionMask = 2147483647;
			files = (
				210056962BFB993C005D9232 /* Assets.xcassets in Resources */,
				210056992BFB993C005D9232 /* Base in Resources */,
				210056912BFB993B005D9232 /* Base in Resources */,
			);
			runOnlyForDeploymentPostprocessing = 0;
		};
/* End PBXResourcesBuildPhase section */

/* Begin PBXSourcesBuildPhase section */
		210056822BFB993B005D9232 /* Sources */ = {
			isa = PBXSourcesBuildPhase;
			buildActionMask = 2147483647;
			files = (
				21F5DD3B2C01F9FF00FCF4F8 /* DetailPageViewController.swift in Sources */,
				210056942BFB993B005D9232 /* HW3_GameApp.xcdatamodeld in Sources */,
				219A63552C032B8F003A7E20 /* Games.swift in Sources */,
				2100568E2BFB993B005D9232 /* HomePageViewController.swift in Sources */,
				21F5DD4E2C022B5D00FCF4F8 /* GameListNetworkManager.swift in Sources */,
				21F5DD432C0204C500FCF4F8 /* SliderCollectionViewCell.swift in Sources */,
				21F5DD3D2C01FAE500FCF4F8 /* FavouritePageViewController.swift in Sources */,
				2100568A2BFB993B005D9232 /* AppDelegate.swift in Sources */,
				2100568C2BFB993B005D9232 /* SceneDelegate.swift in Sources */,
			);
			runOnlyForDeploymentPostprocessing = 0;
		};
/* End PBXSourcesBuildPhase section */

/* Begin PBXVariantGroup section */
		2100568F2BFB993B005D9232 /* Main.storyboard */ = {
			isa = PBXVariantGroup;
			children = (
				210056902BFB993B005D9232 /* Base */,
			);
			name = Main.storyboard;
			sourceTree = "<group>";
		};
		210056972BFB993C005D9232 /* LaunchScreen.storyboard */ = {
			isa = PBXVariantGroup;
			children = (
				210056982BFB993C005D9232 /* Base */,
			);
			name = LaunchScreen.storyboard;
			sourceTree = "<group>";
		};
/* End PBXVariantGroup section */

/* Begin XCBuildConfiguration section */
		2100569B2BFB993C005D9232 /* Debug */ = {
			isa = XCBuildConfiguration;
			buildSettings = {
				ALWAYS_SEARCH_USER_PATHS = NO;
				ASSETCATALOG_COMPILER_GENERATE_SWIFT_ASSET_SYMBOL_EXTENSIONS = YES;
				CLANG_ANALYZER_NONNULL = YES;
				CLANG_ANALYZER_NUMBER_OBJECT_CONVERSION = YES_AGGRESSIVE;
				CLANG_CXX_LANGUAGE_STANDARD = "gnu++20";
				CLANG_ENABLE_MODULES = YES;
				CLANG_ENABLE_OBJC_ARC = YES;
				CLANG_ENABLE_OBJC_WEAK = YES;
				CLANG_WARN_BLOCK_CAPTURE_AUTORELEASING = YES;
				CLANG_WARN_BOOL_CONVERSION = YES;
				CLANG_WARN_COMMA = YES;
				CLANG_WARN_CONSTANT_CONVERSION = YES;
				CLANG_WARN_DEPRECATED_OBJC_IMPLEMENTATIONS = YES;
				CLANG_WARN_DIRECT_OBJC_ISA_USAGE = YES_ERROR;
				CLANG_WARN_DOCUMENTATION_COMMENTS = YES;
				CLANG_WARN_EMPTY_BODY = YES;
				CLANG_WARN_ENUM_CONVERSION = YES;
				CLANG_WARN_INFINITE_RECURSION = YES;
				CLANG_WARN_INT_CONVERSION = YES;
				CLANG_WARN_NON_LITERAL_NULL_CONVERSION = YES;
				CLANG_WARN_OBJC_IMPLICIT_RETAIN_SELF = YES;
				CLANG_WARN_OBJC_LITERAL_CONVERSION = YES;
				CLANG_WARN_OBJC_ROOT_CLASS = YES_ERROR;
				CLANG_WARN_QUOTED_INCLUDE_IN_FRAMEWORK_HEADER = YES;
				CLANG_WARN_RANGE_LOOP_ANALYSIS = YES;
				CLANG_WARN_STRICT_PROTOTYPES = YES;
				CLANG_WARN_SUSPICIOUS_MOVE = YES;
				CLANG_WARN_UNGUARDED_AVAILABILITY = YES_AGGRESSIVE;
				CLANG_WARN_UNREACHABLE_CODE = YES;
				CLANG_WARN__DUPLICATE_METHOD_MATCH = YES;
				COPY_PHASE_STRIP = NO;
				DEBUG_INFORMATION_FORMAT = dwarf;
				ENABLE_STRICT_OBJC_MSGSEND = YES;
				ENABLE_TESTABILITY = YES;
				ENABLE_USER_SCRIPT_SANDBOXING = YES;
				GCC_C_LANGUAGE_STANDARD = gnu17;
				GCC_DYNAMIC_NO_PIC = NO;
				GCC_NO_COMMON_BLOCKS = YES;
				GCC_OPTIMIZATION_LEVEL = 0;
				GCC_PREPROCESSOR_DEFINITIONS = (
					"DEBUG=1",
					"$(inherited)",
				);
				GCC_WARN_64_TO_32_BIT_CONVERSION = YES;
				GCC_WARN_ABOUT_RETURN_TYPE = YES_ERROR;
				GCC_WARN_UNDECLARED_SELECTOR = YES;
				GCC_WARN_UNINITIALIZED_AUTOS = YES_AGGRESSIVE;
				GCC_WARN_UNUSED_FUNCTION = YES;
				GCC_WARN_UNUSED_VARIABLE = YES;
				IPHONEOS_DEPLOYMENT_TARGET = 17.4;
				LOCALIZATION_PREFERS_STRING_CATALOGS = YES;
				MTL_ENABLE_DEBUG_INFO = INCLUDE_SOURCE;
				MTL_FAST_MATH = YES;
				ONLY_ACTIVE_ARCH = YES;
				SDKROOT = iphoneos;
				SWIFT_ACTIVE_COMPILATION_CONDITIONS = "DEBUG $(inherited)";
				SWIFT_OPTIMIZATION_LEVEL = "-Onone";
			};
			name = Debug;
		};
		2100569C2BFB993C005D9232 /* Release */ = {
			isa = XCBuildConfiguration;
			buildSettings = {
				ALWAYS_SEARCH_USER_PATHS = NO;
				ASSETCATALOG_COMPILER_GENERATE_SWIFT_ASSET_SYMBOL_EXTENSIONS = YES;
				CLANG_ANALYZER_NONNULL = YES;
				CLANG_ANALYZER_NUMBER_OBJECT_CONVERSION = YES_AGGRESSIVE;
				CLANG_CXX_LANGUAGE_STANDARD = "gnu++20";
				CLANG_ENABLE_MODULES = YES;
				CLANG_ENABLE_OBJC_ARC = YES;
				CLANG_ENABLE_OBJC_WEAK = YES;
				CLANG_WARN_BLOCK_CAPTURE_AUTORELEASING = YES;
				CLANG_WARN_BOOL_CONVERSION = YES;
				CLANG_WARN_COMMA = YES;
				CLANG_WARN_CONSTANT_CONVERSION = YES;
				CLANG_WARN_DEPRECATED_OBJC_IMPLEMENTATIONS = YES;
				CLANG_WARN_DIRECT_OBJC_ISA_USAGE = YES_ERROR;
				CLANG_WARN_DOCUMENTATION_COMMENTS = YES;
				CLANG_WARN_EMPTY_BODY = YES;
				CLANG_WARN_ENUM_CONVERSION = YES;
				CLANG_WARN_INFINITE_RECURSION = YES;
				CLANG_WARN_INT_CONVERSION = YES;
				CLANG_WARN_NON_LITERAL_NULL_CONVERSION = YES;
				CLANG_WARN_OBJC_IMPLICIT_RETAIN_SELF = YES;
				CLANG_WARN_OBJC_LITERAL_CONVERSION = YES;
				CLANG_WARN_OBJC_ROOT_CLASS = YES_ERROR;
				CLANG_WARN_QUOTED_INCLUDE_IN_FRAMEWORK_HEADER = YES;
				CLANG_WARN_RANGE_LOOP_ANALYSIS = YES;
				CLANG_WARN_STRICT_PROTOTYPES = YES;
				CLANG_WARN_SUSPICIOUS_MOVE = YES;
				CLANG_WARN_UNGUARDED_AVAILABILITY = YES_AGGRESSIVE;
				CLANG_WARN_UNREACHABLE_CODE = YES;
				CLANG_WARN__DUPLICATE_METHOD_MATCH = YES;
				COPY_PHASE_STRIP = NO;
				DEBUG_INFORMATION_FORMAT = "dwarf-with-dsym";
				ENABLE_NS_ASSERTIONS = NO;
				ENABLE_STRICT_OBJC_MSGSEND = YES;
				ENABLE_USER_SCRIPT_SANDBOXING = YES;
				GCC_C_LANGUAGE_STANDARD = gnu17;
				GCC_NO_COMMON_BLOCKS = YES;
				GCC_WARN_64_TO_32_BIT_CONVERSION = YES;
				GCC_WARN_ABOUT_RETURN_TYPE = YES_ERROR;
				GCC_WARN_UNDECLARED_SELECTOR = YES;
				GCC_WARN_UNINITIALIZED_AUTOS = YES_AGGRESSIVE;
				GCC_WARN_UNUSED_FUNCTION = YES;
				GCC_WARN_UNUSED_VARIABLE = YES;
				IPHONEOS_DEPLOYMENT_TARGET = 17.4;
				LOCALIZATION_PREFERS_STRING_CATALOGS = YES;
				MTL_ENABLE_DEBUG_INFO = NO;
				MTL_FAST_MATH = YES;
				SDKROOT = iphoneos;
				SWIFT_COMPILATION_MODE = wholemodule;
				VALIDATE_PRODUCT = YES;
			};
			name = Release;
		};
		2100569E2BFB993C005D9232 /* Debug */ = {
			isa = XCBuildConfiguration;
			buildSettings = {
				ASSETCATALOG_COMPILER_APPICON_NAME = AppIcon;
				ASSETCATALOG_COMPILER_GLOBAL_ACCENT_COLOR_NAME = AccentColor;
				CODE_SIGN_STYLE = Automatic;
				CURRENT_PROJECT_VERSION = 1;
				DEVELOPMENT_TEAM = 9U69T82MH5;
				GENERATE_INFOPLIST_FILE = YES;
				INFOPLIST_FILE = HW3_GameApp/Info.plist;
				INFOPLIST_KEY_UIApplicationSupportsIndirectInputEvents = YES;
				INFOPLIST_KEY_UILaunchStoryboardName = LaunchScreen;
				INFOPLIST_KEY_UIMainStoryboardFile = Main;
				INFOPLIST_KEY_UISupportedInterfaceOrientations_iPad = "UIInterfaceOrientationPortrait UIInterfaceOrientationPortraitUpsideDown UIInterfaceOrientationLandscapeLeft UIInterfaceOrientationLandscapeRight";
				INFOPLIST_KEY_UISupportedInterfaceOrientations_iPhone = "UIInterfaceOrientationPortrait UIInterfaceOrientationLandscapeLeft UIInterfaceOrientationLandscapeRight";
				LD_RUNPATH_SEARCH_PATHS = (
					"$(inherited)",
					"@executable_path/Frameworks",
				);
				MARKETING_VERSION = 1.0;
				PRODUCT_BUNDLE_IDENTIFIER = "Turkcell.HW3-GameApp";
				PRODUCT_NAME = "$(TARGET_NAME)";
				SWIFT_EMIT_LOC_STRINGS = YES;
				SWIFT_VERSION = 5.0;
				TARGETED_DEVICE_FAMILY = "1,2";
			};
			name = Debug;
		};
		2100569F2BFB993C005D9232 /* Release */ = {
			isa = XCBuildConfiguration;
			buildSettings = {
				ASSETCATALOG_COMPILER_APPICON_NAME = AppIcon;
				ASSETCATALOG_COMPILER_GLOBAL_ACCENT_COLOR_NAME = AccentColor;
				CODE_SIGN_STYLE = Automatic;
				CURRENT_PROJECT_VERSION = 1;
				DEVELOPMENT_TEAM = 9U69T82MH5;
				GENERATE_INFOPLIST_FILE = YES;
				INFOPLIST_FILE = HW3_GameApp/Info.plist;
				INFOPLIST_KEY_UIApplicationSupportsIndirectInputEvents = YES;
				INFOPLIST_KEY_UILaunchStoryboardName = LaunchScreen;
				INFOPLIST_KEY_UIMainStoryboardFile = Main;
				INFOPLIST_KEY_UISupportedInterfaceOrientations_iPad = "UIInterfaceOrientationPortrait UIInterfaceOrientationPortraitUpsideDown UIInterfaceOrientationLandscapeLeft UIInterfaceOrientationLandscapeRight";
				INFOPLIST_KEY_UISupportedInterfaceOrientations_iPhone = "UIInterfaceOrientationPortrait UIInterfaceOrientationLandscapeLeft UIInterfaceOrientationLandscapeRight";
				LD_RUNPATH_SEARCH_PATHS = (
					"$(inherited)",
					"@executable_path/Frameworks",
				);
				MARKETING_VERSION = 1.0;
				PRODUCT_BUNDLE_IDENTIFIER = "Turkcell.HW3-GameApp";
				PRODUCT_NAME = "$(TARGET_NAME)";
				SWIFT_EMIT_LOC_STRINGS = YES;
				SWIFT_VERSION = 5.0;
				TARGETED_DEVICE_FAMILY = "1,2";
			};
			name = Release;
		};
/* End XCBuildConfiguration section */

/* Begin XCConfigurationList section */
		210056812BFB993B005D9232 /* Build configuration list for PBXProject "HW3_GameApp" */ = {
			isa = XCConfigurationList;
			buildConfigurations = (
				2100569B2BFB993C005D9232 /* Debug */,
				2100569C2BFB993C005D9232 /* Release */,
			);
			defaultConfigurationIsVisible = 0;
			defaultConfigurationName = Release;
		};
		2100569D2BFB993C005D9232 /* Build configuration list for PBXNativeTarget "HW3_GameApp" */ = {
			isa = XCConfigurationList;
			buildConfigurations = (
				2100569E2BFB993C005D9232 /* Debug */,
				2100569F2BFB993C005D9232 /* Release */,
			);
			defaultConfigurationIsVisible = 0;
			defaultConfigurationName = Release;
		};
/* End XCConfigurationList section */

/* Begin XCRemoteSwiftPackageReference section */
		219A63562C0376C1003A7E20 /* XCRemoteSwiftPackageReference "Kingfisher" */ = {
			isa = XCRemoteSwiftPackageReference;
			repositoryURL = "https://github.com/onevcat/Kingfisher";
			requirement = {
				kind = upToNextMajorVersion;
				minimumVersion = 7.11.0;
			};
		};
/* End XCRemoteSwiftPackageReference section */

/* Begin XCSwiftPackageProductDependency section */
		219A63572C0376C1003A7E20 /* Kingfisher */ = {
			isa = XCSwiftPackageProductDependency;
			package = 219A63562C0376C1003A7E20 /* XCRemoteSwiftPackageReference "Kingfisher" */;
			productName = Kingfisher;
		};
/* End XCSwiftPackageProductDependency section */

/* Begin XCVersionGroup section */
		210056922BFB993B005D9232 /* HW3_GameApp.xcdatamodeld */ = {
			isa = XCVersionGroup;
			children = (
				210056932BFB993B005D9232 /* HW3_GameApp.xcdatamodel */,
			);
			currentVersion = 210056932BFB993B005D9232 /* HW3_GameApp.xcdatamodel */;
			path = HW3_GameApp.xcdatamodeld;
			sourceTree = "<group>";
			versionGroupType = wrapper.xcdatamodel;
		};
/* End XCVersionGroup section */
	};
	rootObject = 2100567E2BFB993B005D9232 /* Project object */;
}
